// !$*UTF8*$!
{
	archiveVersion = 1;
	classes = {
	};
	objectVersion = 56;
	objects = {

/* Begin PBXBuildFile section */
		E66675992BA443A4006FA9F2 /* AssetManagerApp.swift in Sources */ = {isa = PBXBuildFile; fileRef = E66675982BA443A4006FA9F2 /* AssetManagerApp.swift */; };
		E666759B2BA443A4006FA9F2 /* ContentView.swift in Sources */ = {isa = PBXBuildFile; fileRef = E666759A2BA443A4006FA9F2 /* ContentView.swift */; };
		E666759F2BA443A5006FA9F2 /* Assets.xcassets in Resources */ = {isa = PBXBuildFile; fileRef = E666759E2BA443A5006FA9F2 /* Assets.xcassets */; };
		E66675A32BA443A5006FA9F2 /* Preview Assets.xcassets in Resources */ = {isa = PBXBuildFile; fileRef = E66675A22BA443A5006FA9F2 /* Preview Assets.xcassets */; };
		E66675AD2BA443A5006FA9F2 /* AssetManagerTests.swift in Sources */ = {isa = PBXBuildFile; fileRef = E66675AC2BA443A5006FA9F2 /* AssetManagerTests.swift */; };
		E66675B72BA443A5006FA9F2 /* AssetManagerUITests.swift in Sources */ = {isa = PBXBuildFile; fileRef = E66675B62BA443A5006FA9F2 /* AssetManagerUITests.swift */; };
		E66675B92BA443A5006FA9F2 /* AssetManagerUITestsLaunchTests.swift in Sources */ = {isa = PBXBuildFile; fileRef = E66675B82BA443A5006FA9F2 /* AssetManagerUITestsLaunchTests.swift */; };
		E66675CB2BA45D88006FA9F2 /* Account.swift in Sources */ = {isa = PBXBuildFile; fileRef = E66675CA2BA45D88006FA9F2 /* Account.swift */; };
		E66675D12BA45E76006FA9F2 /* Transaction.swift in Sources */ = {isa = PBXBuildFile; fileRef = E66675D02BA45E76006FA9F2 /* Transaction.swift */; };
		E66675DB2BA493AE006FA9F2 /* AccountView.swift in Sources */ = {isa = PBXBuildFile; fileRef = E66675DA2BA493AE006FA9F2 /* AccountView.swift */; };
		E6EFE4292BA6D355001D3B07 /* NewTransactionView.swift in Sources */ = {isa = PBXBuildFile; fileRef = E6EFE4282BA6D355001D3B07 /* NewTransactionView.swift */; };
/* End PBXBuildFile section */

/* Begin PBXContainerItemProxy section */
		E66675A92BA443A5006FA9F2 /* PBXContainerItemProxy */ = {
			isa = PBXContainerItemProxy;
			containerPortal = E666758D2BA443A4006FA9F2 /* Project object */;
			proxyType = 1;
			remoteGlobalIDString = E66675942BA443A4006FA9F2;
			remoteInfo = AssetManager;
		};
		E66675B32BA443A5006FA9F2 /* PBXContainerItemProxy */ = {
			isa = PBXContainerItemProxy;
			containerPortal = E666758D2BA443A4006FA9F2 /* Project object */;
			proxyType = 1;
			remoteGlobalIDString = E66675942BA443A4006FA9F2;
			remoteInfo = AssetManager;
		};
/* End PBXContainerItemProxy section */

/* Begin PBXFileReference section */
		E66675952BA443A4006FA9F2 /* AssetManager.app */ = {isa = PBXFileReference; explicitFileType = wrapper.application; includeInIndex = 0; path = AssetManager.app; sourceTree = BUILT_PRODUCTS_DIR; };
		E66675982BA443A4006FA9F2 /* AssetManagerApp.swift */ = {isa = PBXFileReference; lastKnownFileType = sourcecode.swift; path = AssetManagerApp.swift; sourceTree = "<group>"; };
		E666759A2BA443A4006FA9F2 /* ContentView.swift */ = {isa = PBXFileReference; lastKnownFileType = sourcecode.swift; path = ContentView.swift; sourceTree = "<group>"; };
		E666759E2BA443A5006FA9F2 /* Assets.xcassets */ = {isa = PBXFileReference; lastKnownFileType = folder.assetcatalog; path = Assets.xcassets; sourceTree = "<group>"; };
		E66675A02BA443A5006FA9F2 /* AssetManager.entitlements */ = {isa = PBXFileReference; lastKnownFileType = text.plist.entitlements; path = AssetManager.entitlements; sourceTree = "<group>"; };
		E66675A22BA443A5006FA9F2 /* Preview Assets.xcassets */ = {isa = PBXFileReference; lastKnownFileType = folder.assetcatalog; path = "Preview Assets.xcassets"; sourceTree = "<group>"; };
		E66675A82BA443A5006FA9F2 /* AssetManagerTests.xctest */ = {isa = PBXFileReference; explicitFileType = wrapper.cfbundle; includeInIndex = 0; path = AssetManagerTests.xctest; sourceTree = BUILT_PRODUCTS_DIR; };
		E66675AC2BA443A5006FA9F2 /* AssetManagerTests.swift */ = {isa = PBXFileReference; lastKnownFileType = sourcecode.swift; path = AssetManagerTests.swift; sourceTree = "<group>"; };
		E66675B22BA443A5006FA9F2 /* AssetManagerUITests.xctest */ = {isa = PBXFileReference; explicitFileType = wrapper.cfbundle; includeInIndex = 0; path = AssetManagerUITests.xctest; sourceTree = BUILT_PRODUCTS_DIR; };
		E66675B62BA443A5006FA9F2 /* AssetManagerUITests.swift */ = {isa = PBXFileReference; lastKnownFileType = sourcecode.swift; path = AssetManagerUITests.swift; sourceTree = "<group>"; };
		E66675B82BA443A5006FA9F2 /* AssetManagerUITestsLaunchTests.swift */ = {isa = PBXFileReference; lastKnownFileType = sourcecode.swift; path = AssetManagerUITestsLaunchTests.swift; sourceTree = "<group>"; };
		E66675CA2BA45D88006FA9F2 /* Account.swift */ = {isa = PBXFileReference; lastKnownFileType = sourcecode.swift; path = Account.swift; sourceTree = "<group>"; };
		E66675D02BA45E76006FA9F2 /* Transaction.swift */ = {isa = PBXFileReference; lastKnownFileType = sourcecode.swift; path = Transaction.swift; sourceTree = "<group>"; };
		E66675DA2BA493AE006FA9F2 /* AccountView.swift */ = {isa = PBXFileReference; lastKnownFileType = sourcecode.swift; path = AccountView.swift; sourceTree = "<group>"; };
		E6EFE4282BA6D355001D3B07 /* NewTransactionView.swift */ = {isa = PBXFileReference; lastKnownFileType = sourcecode.swift; path = NewTransactionView.swift; sourceTree = "<group>"; };
/* End PBXFileReference section */

/* Begin PBXFrameworksBuildPhase section */
		E66675922BA443A4006FA9F2 /* Frameworks */ = {
			isa = PBXFrameworksBuildPhase;
			buildActionMask = 2147483647;
			files = (
			);
			runOnlyForDeploymentPostprocessing = 0;
		};
		E66675A52BA443A5006FA9F2 /* Frameworks */ = {
			isa = PBXFrameworksBuildPhase;
			buildActionMask = 2147483647;
			files = (
			);
			runOnlyForDeploymentPostprocessing = 0;
		};
		E66675AF2BA443A5006FA9F2 /* Frameworks */ = {
			isa = PBXFrameworksBuildPhase;
			buildActionMask = 2147483647;
			files = (
			);
			runOnlyForDeploymentPostprocessing = 0;
		};
/* End PBXFrameworksBuildPhase section */

/* Begin PBXGroup section */
		E666758C2BA443A4006FA9F2 = {
			isa = PBXGroup;
			children = (
				E66675972BA443A4006FA9F2 /* AssetManager */,
				E66675AB2BA443A5006FA9F2 /* AssetManagerTests */,
				E66675B52BA443A5006FA9F2 /* AssetManagerUITests */,
				E66675962BA443A4006FA9F2 /* Products */,
			);
			sourceTree = "<group>";
		};
		E66675962BA443A4006FA9F2 /* Products */ = {
			isa = PBXGroup;
			children = (
				E66675952BA443A4006FA9F2 /* AssetManager.app */,
				E66675A82BA443A5006FA9F2 /* AssetManagerTests.xctest */,
				E66675B22BA443A5006FA9F2 /* AssetManagerUITests.xctest */,
			);
			name = Products;
			sourceTree = "<group>";
		};
		E66675972BA443A4006FA9F2 /* AssetManager */ = {
			isa = PBXGroup;
			children = (
				E66675982BA443A4006FA9F2 /* AssetManagerApp.swift */,
				E66675C52BA444C1006FA9F2 /* Views */,
				E66675C62BA444DE006FA9F2 /* Models */,
				E666759E2BA443A5006FA9F2 /* Assets.xcassets */,
				E66675A02BA443A5006FA9F2 /* AssetManager.entitlements */,
				E66675A12BA443A5006FA9F2 /* Preview Content */,
			);
			path = AssetManager;
			sourceTree = "<group>";
		};
		E66675A12BA443A5006FA9F2 /* Preview Content */ = {
			isa = PBXGroup;
			children = (
				E66675A22BA443A5006FA9F2 /* Preview Assets.xcassets */,
			);
			path = "Preview Content";
			sourceTree = "<group>";
		};
		E66675AB2BA443A5006FA9F2 /* AssetManagerTests */ = {
			isa = PBXGroup;
			children = (
				E66675AC2BA443A5006FA9F2 /* AssetManagerTests.swift */,
			);
			path = AssetManagerTests;
			sourceTree = "<group>";
		};
		E66675B52BA443A5006FA9F2 /* AssetManagerUITests */ = {
			isa = PBXGroup;
			children = (
				E66675B62BA443A5006FA9F2 /* AssetManagerUITests.swift */,
				E66675B82BA443A5006FA9F2 /* AssetManagerUITestsLaunchTests.swift */,
			);
			path = AssetManagerUITests;
			sourceTree = "<group>";
		};
		E66675C52BA444C1006FA9F2 /* Views */ = {
			isa = PBXGroup;
			children = (
				E666759A2BA443A4006FA9F2 /* ContentView.swift */,
				E66675DA2BA493AE006FA9F2 /* AccountView.swift */,
				E6EFE4282BA6D355001D3B07 /* NewTransactionView.swift */,
			);
			path = Views;
			sourceTree = "<group>";
		};
		E66675C62BA444DE006FA9F2 /* Models */ = {
			isa = PBXGroup;
			children = (
				E66675CA2BA45D88006FA9F2 /* Account.swift */,
				E66675D02BA45E76006FA9F2 /* Transaction.swift */,
			);
			path = Models;
			sourceTree = "<group>";
		};
/* End PBXGroup section */

/* Begin PBXNativeTarget section */
		E66675942BA443A4006FA9F2 /* AssetManager */ = {
			isa = PBXNativeTarget;
			buildConfigurationList = E66675BC2BA443A5006FA9F2 /* Build configuration list for PBXNativeTarget "AssetManager" */;
			buildPhases = (
				E66675912BA443A4006FA9F2 /* Sources */,
				E66675922BA443A4006FA9F2 /* Frameworks */,
				E66675932BA443A4006FA9F2 /* Resources */,
			);
			buildRules = (
			);
			dependencies = (
			);
			name = AssetManager;
			productName = AssetManager;
			productReference = E66675952BA443A4006FA9F2 /* AssetManager.app */;
			productType = "com.apple.product-type.application";
		};
		E66675A72BA443A5006FA9F2 /* AssetManagerTests */ = {
			isa = PBXNativeTarget;
			buildConfigurationList = E66675BF2BA443A5006FA9F2 /* Build configuration list for PBXNativeTarget "AssetManagerTests" */;
			buildPhases = (
				E66675A42BA443A5006FA9F2 /* Sources */,
				E66675A52BA443A5006FA9F2 /* Frameworks */,
				E66675A62BA443A5006FA9F2 /* Resources */,
			);
			buildRules = (
			);
			dependencies = (
				E66675AA2BA443A5006FA9F2 /* PBXTargetDependency */,
			);
			name = AssetManagerTests;
			productName = AssetManagerTests;
			productReference = E66675A82BA443A5006FA9F2 /* AssetManagerTests.xctest */;
			productType = "com.apple.product-type.bundle.unit-test";
		};
		E66675B12BA443A5006FA9F2 /* AssetManagerUITests */ = {
			isa = PBXNativeTarget;
			buildConfigurationList = E66675C22BA443A5006FA9F2 /* Build configuration list for PBXNativeTarget "AssetManagerUITests" */;
			buildPhases = (
				E66675AE2BA443A5006FA9F2 /* Sources */,
				E66675AF2BA443A5006FA9F2 /* Frameworks */,
				E66675B02BA443A5006FA9F2 /* Resources */,
			);
			buildRules = (
			);
			dependencies = (
				E66675B42BA443A5006FA9F2 /* PBXTargetDependency */,
			);
			name = AssetManagerUITests;
			productName = AssetManagerUITests;
			productReference = E66675B22BA443A5006FA9F2 /* AssetManagerUITests.xctest */;
			productType = "com.apple.product-type.bundle.ui-testing";
		};
/* End PBXNativeTarget section */

/* Begin PBXProject section */
		E666758D2BA443A4006FA9F2 /* Project object */ = {
			isa = PBXProject;
			attributes = {
				BuildIndependentTargetsInParallel = 1;
				LastSwiftUpdateCheck = 1530;
				LastUpgradeCheck = 1530;
				TargetAttributes = {
					E66675942BA443A4006FA9F2 = {
						CreatedOnToolsVersion = 15.3;
					};
					E66675A72BA443A5006FA9F2 = {
						CreatedOnToolsVersion = 15.3;
						TestTargetID = E66675942BA443A4006FA9F2;
					};
					E66675B12BA443A5006FA9F2 = {
						CreatedOnToolsVersion = 15.3;
						TestTargetID = E66675942BA443A4006FA9F2;
					};
				};
			};
			buildConfigurationList = E66675902BA443A4006FA9F2 /* Build configuration list for PBXProject "AssetManager" */;
			compatibilityVersion = "Xcode 14.0";
			developmentRegion = en;
			hasScannedForEncodings = 0;
			knownRegions = (
				en,
				Base,
			);
			mainGroup = E666758C2BA443A4006FA9F2;
			productRefGroup = E66675962BA443A4006FA9F2 /* Products */;
			projectDirPath = "";
			projectRoot = "";
			targets = (
				E66675942BA443A4006FA9F2 /* AssetManager */,
				E66675A72BA443A5006FA9F2 /* AssetManagerTests */,
				E66675B12BA443A5006FA9F2 /* AssetManagerUITests */,
			);
		};
/* End PBXProject section */

/* Begin PBXResourcesBuildPhase section */
		E66675932BA443A4006FA9F2 /* Resources */ = {
			isa = PBXResourcesBuildPhase;
			buildActionMask = 2147483647;
			files = (
				E66675A32BA443A5006FA9F2 /* Preview Assets.xcassets in Resources */,
				E666759F2BA443A5006FA9F2 /* Assets.xcassets in Resources */,
			);
			runOnlyForDeploymentPostprocessing = 0;
		};
		E66675A62BA443A5006FA9F2 /* Resources */ = {
			isa = PBXResourcesBuildPhase;
			buildActionMask = 2147483647;
			files = (
			);
			runOnlyForDeploymentPostprocessing = 0;
		};
		E66675B02BA443A5006FA9F2 /* Resources */ = {
			isa = PBXResourcesBuildPhase;
			buildActionMask = 2147483647;
			files = (
			);
			runOnlyForDeploymentPostprocessing = 0;
		};
/* End PBXResourcesBuildPhase section */

/* Begin PBXSourcesBuildPhase section */
		E66675912BA443A4006FA9F2 /* Sources */ = {
			isa = PBXSourcesBuildPhase;
			buildActionMask = 2147483647;
			files = (
				E6EFE4292BA6D355001D3B07 /* NewTransactionView.swift in Sources */,
				E666759B2BA443A4006FA9F2 /* ContentView.swift in Sources */,
				E66675CB2BA45D88006FA9F2 /* Account.swift in Sources */,
				E66675992BA443A4006FA9F2 /* AssetManagerApp.swift in Sources */,
				E66675DB2BA493AE006FA9F2 /* AccountView.swift in Sources */,
				E66675D12BA45E76006FA9F2 /* Transaction.swift in Sources */,
			);
			runOnlyForDeploymentPostprocessing = 0;
		};
		E66675A42BA443A5006FA9F2 /* Sources */ = {
			isa = PBXSourcesBuildPhase;
			buildActionMask = 2147483647;
			files = (
				E66675AD2BA443A5006FA9F2 /* AssetManagerTests.swift in Sources */,
			);
			runOnlyForDeploymentPostprocessing = 0;
		};
		E66675AE2BA443A5006FA9F2 /* Sources */ = {
			isa = PBXSourcesBuildPhase;
			buildActionMask = 2147483647;
			files = (
				E66675B72BA443A5006FA9F2 /* AssetManagerUITests.swift in Sources */,
				E66675B92BA443A5006FA9F2 /* AssetManagerUITestsLaunchTests.swift in Sources */,
			);
			runOnlyForDeploymentPostprocessing = 0;
		};
/* End PBXSourcesBuildPhase section */

/* Begin PBXTargetDependency section */
		E66675AA2BA443A5006FA9F2 /* PBXTargetDependency */ = {
			isa = PBXTargetDependency;
			target = E66675942BA443A4006FA9F2 /* AssetManager */;
			targetProxy = E66675A92BA443A5006FA9F2 /* PBXContainerItemProxy */;
		};
		E66675B42BA443A5006FA9F2 /* PBXTargetDependency */ = {
			isa = PBXTargetDependency;
			target = E66675942BA443A4006FA9F2 /* AssetManager */;
			targetProxy = E66675B32BA443A5006FA9F2 /* PBXContainerItemProxy */;
		};
/* End PBXTargetDependency section */

/* Begin XCBuildConfiguration section */
		E66675BA2BA443A5006FA9F2 /* Debug */ = {
			isa = XCBuildConfiguration;
			buildSettings = {
				ALWAYS_SEARCH_USER_PATHS = NO;
				ASSETCATALOG_COMPILER_GENERATE_SWIFT_ASSET_SYMBOL_EXTENSIONS = YES;
				CLANG_ANALYZER_NONNULL = YES;
				CLANG_ANALYZER_NUMBER_OBJECT_CONVERSION = YES_AGGRESSIVE;
				CLANG_CXX_LANGUAGE_STANDARD = "gnu++20";
				CLANG_ENABLE_MODULES = YES;
				CLANG_ENABLE_OBJC_ARC = YES;
				CLANG_ENABLE_OBJC_WEAK = YES;
				CLANG_WARN_BLOCK_CAPTURE_AUTORELEASING = YES;
				CLANG_WARN_BOOL_CONVERSION = YES;
				CLANG_WARN_COMMA = YES;
				CLANG_WARN_CONSTANT_CONVERSION = YES;
				CLANG_WARN_DEPRECATED_OBJC_IMPLEMENTATIONS = YES;
				CLANG_WARN_DIRECT_OBJC_ISA_USAGE = YES_ERROR;
				CLANG_WARN_DOCUMENTATION_COMMENTS = YES;
				CLANG_WARN_EMPTY_BODY = YES;
				CLANG_WARN_ENUM_CONVERSION = YES;
				CLANG_WARN_INFINITE_RECURSION = YES;
				CLANG_WARN_INT_CONVERSION = YES;
				CLANG_WARN_NON_LITERAL_NULL_CONVERSION = YES;
				CLANG_WARN_OBJC_IMPLICIT_RETAIN_SELF = YES;
				CLANG_WARN_OBJC_LITERAL_CONVERSION = YES;
				CLANG_WARN_OBJC_ROOT_CLASS = YES_ERROR;
				CLANG_WARN_QUOTED_INCLUDE_IN_FRAMEWORK_HEADER = YES;
				CLANG_WARN_RANGE_LOOP_ANALYSIS = YES;
				CLANG_WARN_STRICT_PROTOTYPES = YES;
				CLANG_WARN_SUSPICIOUS_MOVE = YES;
				CLANG_WARN_UNGUARDED_AVAILABILITY = YES_AGGRESSIVE;
				CLANG_WARN_UNREACHABLE_CODE = YES;
				CLANG_WARN__DUPLICATE_METHOD_MATCH = YES;
				COPY_PHASE_STRIP = NO;
				DEBUG_INFORMATION_FORMAT = dwarf;
				ENABLE_STRICT_OBJC_MSGSEND = YES;
				ENABLE_TESTABILITY = YES;
				ENABLE_USER_SCRIPT_SANDBOXING = YES;
				GCC_C_LANGUAGE_STANDARD = gnu17;
				GCC_DYNAMIC_NO_PIC = NO;
				GCC_NO_COMMON_BLOCKS = YES;
				GCC_OPTIMIZATION_LEVEL = 0;
				GCC_PREPROCESSOR_DEFINITIONS = (
					"DEBUG=1",
					"$(inherited)",
				);
				GCC_WARN_64_TO_32_BIT_CONVERSION = YES;
				GCC_WARN_ABOUT_RETURN_TYPE = YES_ERROR;
				GCC_WARN_UNDECLARED_SELECTOR = YES;
				GCC_WARN_UNINITIALIZED_AUTOS = YES_AGGRESSIVE;
				GCC_WARN_UNUSED_FUNCTION = YES;
				GCC_WARN_UNUSED_VARIABLE = YES;
				LOCALIZATION_PREFERS_STRING_CATALOGS = YES;
				MTL_ENABLE_DEBUG_INFO = INCLUDE_SOURCE;
				MTL_FAST_MATH = YES;
				ONLY_ACTIVE_ARCH = YES;
				SWIFT_ACTIVE_COMPILATION_CONDITIONS = "DEBUG $(inherited)";
				SWIFT_OPTIMIZATION_LEVEL = "-Onone";
			};
			name = Debug;
		};
		E66675BB2BA443A5006FA9F2 /* Release */ = {
			isa = XCBuildConfiguration;
			buildSettings = {
				ALWAYS_SEARCH_USER_PATHS = NO;
				ASSETCATALOG_COMPILER_GENERATE_SWIFT_ASSET_SYMBOL_EXTENSIONS = YES;
				CLANG_ANALYZER_NONNULL = YES;
				CLANG_ANALYZER_NUMBER_OBJECT_CONVERSION = YES_AGGRESSIVE;
				CLANG_CXX_LANGUAGE_STANDARD = "gnu++20";
				CLANG_ENABLE_MODULES = YES;
				CLANG_ENABLE_OBJC_ARC = YES;
				CLANG_ENABLE_OBJC_WEAK = YES;
				CLANG_WARN_BLOCK_CAPTURE_AUTORELEASING = YES;
				CLANG_WARN_BOOL_CONVERSION = YES;
				CLANG_WARN_COMMA = YES;
				CLANG_WARN_CONSTANT_CONVERSION = YES;
				CLANG_WARN_DEPRECATED_OBJC_IMPLEMENTATIONS = YES;
				CLANG_WARN_DIRECT_OBJC_ISA_USAGE = YES_ERROR;
				CLANG_WARN_DOCUMENTATION_COMMENTS = YES;
				CLANG_WARN_EMPTY_BODY = YES;
				CLANG_WARN_ENUM_CONVERSION = YES;
				CLANG_WARN_INFINITE_RECURSION = YES;
				CLANG_WARN_INT_CONVERSION = YES;
				CLANG_WARN_NON_LITERAL_NULL_CONVERSION = YES;
				CLANG_WARN_OBJC_IMPLICIT_RETAIN_SELF = YES;
				CLANG_WARN_OBJC_LITERAL_CONVERSION = YES;
				CLANG_WARN_OBJC_ROOT_CLASS = YES_ERROR;
				CLANG_WARN_QUOTED_INCLUDE_IN_FRAMEWORK_HEADER = YES;
				CLANG_WARN_RANGE_LOOP_ANALYSIS = YES;
				CLANG_WARN_STRICT_PROTOTYPES = YES;
				CLANG_WARN_SUSPICIOUS_MOVE = YES;
				CLANG_WARN_UNGUARDED_AVAILABILITY = YES_AGGRESSIVE;
				CLANG_WARN_UNREACHABLE_CODE = YES;
				CLANG_WARN__DUPLICATE_METHOD_MATCH = YES;
				COPY_PHASE_STRIP = NO;
				DEBUG_INFORMATION_FORMAT = "dwarf-with-dsym";
				ENABLE_NS_ASSERTIONS = NO;
				ENABLE_STRICT_OBJC_MSGSEND = YES;
				ENABLE_USER_SCRIPT_SANDBOXING = YES;
				GCC_C_LANGUAGE_STANDARD = gnu17;
				GCC_NO_COMMON_BLOCKS = YES;
				GCC_WARN_64_TO_32_BIT_CONVERSION = YES;
				GCC_WARN_ABOUT_RETURN_TYPE = YES_ERROR;
				GCC_WARN_UNDECLARED_SELECTOR = YES;
				GCC_WARN_UNINITIALIZED_AUTOS = YES_AGGRESSIVE;
				GCC_WARN_UNUSED_FUNCTION = YES;
				GCC_WARN_UNUSED_VARIABLE = YES;
				LOCALIZATION_PREFERS_STRING_CATALOGS = YES;
				MTL_ENABLE_DEBUG_INFO = NO;
				MTL_FAST_MATH = YES;
				SWIFT_COMPILATION_MODE = wholemodule;
			};
			name = Release;
		};
		E66675BD2BA443A5006FA9F2 /* Debug */ = {
			isa = XCBuildConfiguration;
			buildSettings = {
				ASSETCATALOG_COMPILER_APPICON_NAME = AppIcon;
				ASSETCATALOG_COMPILER_GLOBAL_ACCENT_COLOR_NAME = AccentColor;
				CODE_SIGN_ENTITLEMENTS = AssetManager/AssetManager.entitlements;
				CODE_SIGN_STYLE = Automatic;
				CURRENT_PROJECT_VERSION = 1;
				DEVELOPMENT_ASSET_PATHS = "\"AssetManager/Preview Content\"";
				DEVELOPMENT_TEAM = 68PK3GTMDD;
				ENABLE_HARDENED_RUNTIME = YES;
				ENABLE_PREVIEWS = YES;
				GENERATE_INFOPLIST_FILE = YES;
				"INFOPLIST_KEY_UIApplicationSceneManifest_Generation[sdk=iphoneos*]" = YES;
				"INFOPLIST_KEY_UIApplicationSceneManifest_Generation[sdk=iphonesimulator*]" = YES;
				"INFOPLIST_KEY_UIApplicationSupportsIndirectInputEvents[sdk=iphoneos*]" = YES;
				"INFOPLIST_KEY_UIApplicationSupportsIndirectInputEvents[sdk=iphonesimulator*]" = YES;
				"INFOPLIST_KEY_UILaunchScreen_Generation[sdk=iphoneos*]" = YES;
				"INFOPLIST_KEY_UILaunchScreen_Generation[sdk=iphonesimulator*]" = YES;
				"INFOPLIST_KEY_UIStatusBarStyle[sdk=iphoneos*]" = UIStatusBarStyleDefault;
				"INFOPLIST_KEY_UIStatusBarStyle[sdk=iphonesimulator*]" = UIStatusBarStyleDefault;
				INFOPLIST_KEY_UISupportedInterfaceOrientations_iPad = "UIInterfaceOrientationPortrait UIInterfaceOrientationPortraitUpsideDown UIInterfaceOrientationLandscapeLeft UIInterfaceOrientationLandscapeRight";
				INFOPLIST_KEY_UISupportedInterfaceOrientations_iPhone = "UIInterfaceOrientationPortrait UIInterfaceOrientationLandscapeLeft UIInterfaceOrientationLandscapeRight";
				IPHONEOS_DEPLOYMENT_TARGET = 17.4;
				LD_RUNPATH_SEARCH_PATHS = "@executable_path/Frameworks";
				"LD_RUNPATH_SEARCH_PATHS[sdk=macosx*]" = "@executable_path/../Frameworks";
				MACOSX_DEPLOYMENT_TARGET = 14.0;
				MARKETING_VERSION = 1.0;
				PRODUCT_BUNDLE_IDENTIFIER = com.zhanyongxiang.assetmanager.AssetManager;
				PRODUCT_NAME = "$(TARGET_NAME)";
				SDKROOT = auto;
				SUPPORTED_PLATFORMS = "iphoneos iphonesimulator macosx";
				SWIFT_EMIT_LOC_STRINGS = YES;
				SWIFT_VERSION = 5.0;
				TARGETED_DEVICE_FAMILY = "1,2";
			};
			name = Debug;
		};
		E66675BE2BA443A5006FA9F2 /* Release */ = {
			isa = XCBuildConfiguration;
			buildSettings = {
				ASSETCATALOG_COMPILER_APPICON_NAME = AppIcon;
				ASSETCATALOG_COMPILER_GLOBAL_ACCENT_COLOR_NAME = AccentColor;
				CODE_SIGN_ENTITLEMENTS = AssetManager/AssetManager.entitlements;
				CODE_SIGN_STYLE = Automatic;
				CURRENT_PROJECT_VERSION = 1;
				DEVELOPMENT_ASSET_PATHS = "\"AssetManager/Preview Content\"";
				DEVELOPMENT_TEAM = 68PK3GTMDD;
				ENABLE_HARDENED_RUNTIME = YES;
				ENABLE_PREVIEWS = YES;
				GENERATE_INFOPLIST_FILE = YES;
				"INFOPLIST_KEY_UIApplicationSceneManifest_Generation[sdk=iphoneos*]" = YES;
				"INFOPLIST_KEY_UIApplicationSceneManifest_Generation[sdk=iphonesimulator*]" = YES;
				"INFOPLIST_KEY_UIApplicationSupportsIndirectInputEvents[sdk=iphoneos*]" = YES;
				"INFOPLIST_KEY_UIApplicationSupportsIndirectInputEvents[sdk=iphonesimulator*]" = YES;
				"INFOPLIST_KEY_UILaunchScreen_Generation[sdk=iphoneos*]" = YES;
				"INFOPLIST_KEY_UILaunchScreen_Generation[sdk=iphonesimulator*]" = YES;
				"INFOPLIST_KEY_UIStatusBarStyle[sdk=iphoneos*]" = UIStatusBarStyleDefault;
				"INFOPLIST_KEY_UIStatusBarStyle[sdk=iphonesimulator*]" = UIStatusBarStyleDefault;
				INFOPLIST_KEY_UISupportedInterfaceOrientations_iPad = "UIInterfaceOrientationPortrait UIInterfaceOrientationPortraitUpsideDown UIInterfaceOrientationLandscapeLeft UIInterfaceOrientationLandscapeRight";
				INFOPLIST_KEY_UISupportedInterfaceOrientations_iPhone = "UIInterfaceOrientationPortrait UIInterfaceOrientationLandscapeLeft UIInterfaceOrientationLandscapeRight";
				IPHONEOS_DEPLOYMENT_TARGET = 17.4;
				LD_RUNPATH_SEARCH_PATHS = "@executable_path/Frameworks";
				"LD_RUNPATH_SEARCH_PATHS[sdk=macosx*]" = "@executable_path/../Frameworks";
				MACOSX_DEPLOYMENT_TARGET = 14.0;
				MARKETING_VERSION = 1.0;
				PRODUCT_BUNDLE_IDENTIFIER = com.zhanyongxiang.assetmanager.AssetManager;
				PRODUCT_NAME = "$(TARGET_NAME)";
				SDKROOT = auto;
				SUPPORTED_PLATFORMS = "iphoneos iphonesimulator macosx";
				SWIFT_EMIT_LOC_STRINGS = YES;
				SWIFT_VERSION = 5.0;
				TARGETED_DEVICE_FAMILY = "1,2";
			};
			name = Release;
		};
		E66675C02BA443A5006FA9F2 /* Debug */ = {
			isa = XCBuildConfiguration;
			buildSettings = {
				ALWAYS_EMBED_SWIFT_STANDARD_LIBRARIES = YES;
				BUNDLE_LOADER = "$(TEST_HOST)";
				CODE_SIGN_STYLE = Automatic;
				CURRENT_PROJECT_VERSION = 1;
				DEVELOPMENT_TEAM = 68PK3GTMDD;
				GENERATE_INFOPLIST_FILE = YES;
				IPHONEOS_DEPLOYMENT_TARGET = 17.4;
				MACOSX_DEPLOYMENT_TARGET = 14.4;
				MARKETING_VERSION = 1.0;
				PRODUCT_BUNDLE_IDENTIFIER = com.zhanyongxiang.assetmanager.AssetManagerTests;
				PRODUCT_NAME = "$(TARGET_NAME)";
				SDKROOT = auto;
				SUPPORTED_PLATFORMS = "iphoneos iphonesimulator macosx";
				SWIFT_EMIT_LOC_STRINGS = NO;
				SWIFT_VERSION = 5.0;
				TARGETED_DEVICE_FAMILY = "1,2";
				TEST_HOST = "$(BUILT_PRODUCTS_DIR)/AssetManager.app/$(BUNDLE_EXECUTABLE_FOLDER_PATH)/AssetManager";
			};
			name = Debug;
		};
		E66675C12BA443A5006FA9F2 /* Release */ = {
			isa = XCBuildConfiguration;
			buildSettings = {
				ALWAYS_EMBED_SWIFT_STANDARD_LIBRARIES = YES;
				BUNDLE_LOADER = "$(TEST_HOST)";
				CODE_SIGN_STYLE = Automatic;
				CURRENT_PROJECT_VERSION = 1;
				DEVELOPMENT_TEAM = 68PK3GTMDD;
				GENERATE_INFOPLIST_FILE = YES;
				IPHONEOS_DEPLOYMENT_TARGET = 17.4;
				MACOSX_DEPLOYMENT_TARGET = 14.4;
				MARKETING_VERSION = 1.0;
				PRODUCT_BUNDLE_IDENTIFIER = com.zhanyongxiang.assetmanager.AssetManagerTests;
				PRODUCT_NAME = "$(TARGET_NAME)";
				SDKROOT = auto;
				SUPPORTED_PLATFORMS = "iphoneos iphonesimulator macosx";
				SWIFT_EMIT_LOC_STRINGS = NO;
				SWIFT_VERSION = 5.0;
				TARGETED_DEVICE_FAMILY = "1,2";
				TEST_HOST = "$(BUILT_PRODUCTS_DIR)/AssetManager.app/$(BUNDLE_EXECUTABLE_FOLDER_PATH)/AssetManager";
			};
			name = Release;
		};
		E66675C32BA443A5006FA9F2 /* Debug */ = {
			isa = XCBuildConfiguration;
			buildSettings = {
				ALWAYS_EMBED_SWIFT_STANDARD_LIBRARIES = YES;
				CODE_SIGN_STYLE = Automatic;
				CURRENT_PROJECT_VERSION = 1;
				DEVELOPMENT_TEAM = 68PK3GTMDD;
				GENERATE_INFOPLIST_FILE = YES;
				IPHONEOS_DEPLOYMENT_TARGET = 17.4;
				MACOSX_DEPLOYMENT_TARGET = 14.4;
				MARKETING_VERSION = 1.0;
				PRODUCT_BUNDLE_IDENTIFIER = com.zhanyongxiang.assetmanager.AssetManagerUITests;
				PRODUCT_NAME = "$(TARGET_NAME)";
				SDKROOT = auto;
				SUPPORTED_PLATFORMS = "iphoneos iphonesimulator macosx";
				SWIFT_EMIT_LOC_STRINGS = NO;
				SWIFT_VERSION = 5.0;
				TARGETED_DEVICE_FAMILY = "1,2";
				TEST_TARGET_NAME = AssetManager;
			};
			name = Debug;
		};
		E66675C42BA443A5006FA9F2 /* Release */ = {
			isa = XCBuildConfiguration;
			buildSettings = {
				ALWAYS_EMBED_SWIFT_STANDARD_LIBRARIES = YES;
				CODE_SIGN_STYLE = Automatic;
				CURRENT_PROJECT_VERSION = 1;
				DEVELOPMENT_TEAM = 68PK3GTMDD;
				GENERATE_INFOPLIST_FILE = YES;
				IPHONEOS_DEPLOYMENT_TARGET = 17.4;
				MACOSX_DEPLOYMENT_TARGET = 14.4;
				MARKETING_VERSION = 1.0;
				PRODUCT_BUNDLE_IDENTIFIER = com.zhanyongxiang.assetmanager.AssetManagerUITests;
				PRODUCT_NAME = "$(TARGET_NAME)";
				SDKROOT = auto;
				SUPPORTED_PLATFORMS = "iphoneos iphonesimulator macosx";
				SWIFT_EMIT_LOC_STRINGS = NO;
				SWIFT_VERSION = 5.0;
				TARGETED_DEVICE_FAMILY = "1,2";
				TEST_TARGET_NAME = AssetManager;
			};
			name = Release;
		};
/* End XCBuildConfiguration section */

/* Begin XCConfigurationList section */
		E66675902BA443A4006FA9F2 /* Build configuration list for PBXProject "AssetManager" */ = {
			isa = XCConfigurationList;
			buildConfigurations = (
				E66675BA2BA443A5006FA9F2 /* Debug */,
				E66675BB2BA443A5006FA9F2 /* Release */,
			);
			defaultConfigurationIsVisible = 0;
			defaultConfigurationName = Release;
		};
		E66675BC2BA443A5006FA9F2 /* Build configuration list for PBXNativeTarget "AssetManager" */ = {
			isa = XCConfigurationList;
			buildConfigurations = (
				E66675BD2BA443A5006FA9F2 /* Debug */,
				E66675BE2BA443A5006FA9F2 /* Release */,
			);
			defaultConfigurationIsVisible = 0;
			defaultConfigurationName = Release;
		};
		E66675BF2BA443A5006FA9F2 /* Build configuration list for PBXNativeTarget "AssetManagerTests" */ = {
			isa = XCConfigurationList;
			buildConfigurations = (
				E66675C02BA443A5006FA9F2 /* Debug */,
				E66675C12BA443A5006FA9F2 /* Release */,
			);
			defaultConfigurationIsVisible = 0;
			defaultConfigurationName = Release;
		};
		E66675C22BA443A5006FA9F2 /* Build configuration list for PBXNativeTarget "AssetManagerUITests" */ = {
			isa = XCConfigurationList;
			buildConfigurations = (
				E66675C32BA443A5006FA9F2 /* Debug */,
				E66675C42BA443A5006FA9F2 /* Release */,
			);
			defaultConfigurationIsVisible = 0;
			defaultConfigurationName = Release;
		};
/* End XCConfigurationList section */
	};
	rootObject = E666758D2BA443A4006FA9F2 /* Project object */;
}
